
Microsoft Visual Studio Solution File, Format Version 12.00
# Visual Studio 15
Project("{FAE04EC0-301F-11D3-BF4B-00C04F79EFBC}") = "year one", "year one.csproj", "{A9AA94C1-D41D-5F3A-5DFF-2EDC2D03C92A}"
EndProject
Project("{FAE04EC0-301F-11D3-BF4B-00C04F79EFBC}") = "year one.Editor", "year one.Editor.csproj", "{43AB2388-D59D-58AB-15AC-BB641E30B00B}"
EndProject
Global
	GlobalSection(SolutionConfigurationPlatforms) = preSolution
		Debug|Any CPU = Debug|Any CPU
		Release|Any CPU = Release|Any CPU
	EndGlobalSection
	GlobalSection(ProjectConfigurationPlatforms) = postSolution
		{A9AA94C1-D41D-5F3A-5DFF-2EDC2D03C92A}.Debug|Any CPU.ActiveCfg = Debug|Any CPU
		{A9AA94C1-D41D-5F3A-5DFF-2EDC2D03C92A}.Debug|Any CPU.Build.0 = Debug|Any CPU
		{A9AA94C1-D41D-5F3A-5DFF-2EDC2D03C92A}.Release|Any CPU.ActiveCfg = Release|Any CPU
		{A9AA94C1-D41D-5F3A-5DFF-2EDC2D03C92A}.Release|Any CPU.Build.0 = Release|Any CPU
		{43AB2388-D59D-58AB-15AC-BB641E30B00B}.Debug|Any CPU.ActiveCfg = Debug|Any CPU
		{43AB2388-D59D-58AB-15AC-BB641E30B00B}.Debug|Any CPU.Build.0 = Debug|Any CPU
		{43AB2388-D59D-58AB-15AC-BB641E30B00B}.Release|Any CPU.ActiveCfg = Release|Any CPU
		{43AB2388-D59D-58AB-15AC-BB641E30B00B}.Release|Any CPU.Build.0 = Release|Any CPU
	EndGlobalSection
	GlobalSection(SolutionProperties) = preSolution
		HideSolutionNode = FALSE
	EndGlobalSection
EndGlobal
